
Microsoft Visual Studio Solution File, Format Version 12.00
# Visual Studio Version 17
VisualStudioVersion = 17.11.35219.272
MinimumVisualStudioVersion = 10.0.40219.1
Project("{FAE04EC0-301F-11D3-BF4B-00C04F79EFBC}") = "Laboration 2", "Laboration 2\Laboration 2.csproj", "{45C69725-0C11-4182-812A-E047FF662AA5}"
EndProject
Global
	GlobalSection(SolutionConfigurationPlatforms) = preSolution
		Debug|Any CPU = Debug|Any CPU
		Release|Any CPU = Release|Any CPU
	EndGlobalSection
	GlobalSection(ProjectConfigurationPlatforms) = postSolution
		{45C69725-0C11-4182-812A-E047FF662AA5}.Debug|Any CPU.ActiveCfg = Debug|Any CPU
		{45C69725-0C11-4182-812A-E047FF662AA5}.Debug|Any CPU.Build.0 = Debug|Any CPU
		{45C69725-0C11-4182-812A-E047FF662AA5}.Release|Any CPU.ActiveCfg = Release|Any CPU
		{45C69725-0C11-4182-812A-E047FF662AA5}.Release|Any CPU.Build.0 = Release|Any CPU
	EndGlobalSection
	GlobalSection(SolutionProperties) = preSolution
		HideSolutionNode = FALSE
	EndGlobalSection
	GlobalSection(ExtensibilityGlobals) = postSolution
		SolutionGuid = {2EC84129-1EEB-49F2-A6B8-C17A23CB2ED3}
	EndGlobalSection
EndGlobal
